// !$*UTF8*$!
{
	archiveVersion = 1;
	classes = {
	};
	objectVersion = 51;
	objects = {

/* Begin PBXAggregateTarget section */
		042F064A258B77F300DFA3EB /* CodeCheck */ = {
			isa = PBXAggregateTarget;
			buildConfigurationList = 042F064D258B77F300DFA3EB /* Build configuration list for PBXAggregateTarget "CodeCheck" */;
			buildPhases = (
				042F0650258B780300DFA3EB /* ShellScript */,
			);
			dependencies = (
			);
			name = CodeCheck;
			productName = CodeCheck;
		};
		042F0659258B781E00DFA3EB /* CodeFormat */ = {
			isa = PBXAggregateTarget;
			buildConfigurationList = 042F065A258B781E00DFA3EB /* Build configuration list for PBXAggregateTarget "CodeFormat" */;
			buildPhases = (
			);
			dependencies = (
			);
			name = CodeFormat;
			productName = CodeFormat;
		};
/* End PBXAggregateTarget section */

/* Begin PBXBuildFile section */
		047DBFC92583257B00B9F7A1 /* AppDelegate.m in Sources */ = {isa = PBXBuildFile; fileRef = 047DBFC82583257B00B9F7A1 /* AppDelegate.m */; };
		047DBFCC2583257B00B9F7A1 /* SceneDelegate.m in Sources */ = {isa = PBXBuildFile; fileRef = 047DBFCB2583257B00B9F7A1 /* SceneDelegate.m */; };
		047DBFCF2583257B00B9F7A1 /* ViewController.m in Sources */ = {isa = PBXBuildFile; fileRef = 047DBFCE2583257B00B9F7A1 /* ViewController.m */; };
		047DBFD22583257B00B9F7A1 /* Main.storyboard in Resources */ = {isa = PBXBuildFile; fileRef = 047DBFD02583257B00B9F7A1 /* Main.storyboard */; };
		047DBFD42583257C00B9F7A1 /* Assets.xcassets in Resources */ = {isa = PBXBuildFile; fileRef = 047DBFD32583257C00B9F7A1 /* Assets.xcassets */; };
		047DBFD72583257C00B9F7A1 /* LaunchScreen.storyboard in Resources */ = {isa = PBXBuildFile; fileRef = 047DBFD52583257C00B9F7A1 /* LaunchScreen.storyboard */; };
		047DBFDA2583257C00B9F7A1 /* main.m in Sources */ = {isa = PBXBuildFile; fileRef = 047DBFD92583257C00B9F7A1 /* main.m */; };
		047DC0FD25874CFE00B9F7A1 /* TrackViewController.m in Sources */ = {isa = PBXBuildFile; fileRef = 047DC0F925874CFE00B9F7A1 /* TrackViewController.m */; };
		047DC0FE25874CFE00B9F7A1 /* GIOWKWebViewViewController.m in Sources */ = {isa = PBXBuildFile; fileRef = 047DC0FB25874CFE00B9F7A1 /* GIOWKWebViewViewController.m */; };
		04AC43EF25B0471D00698C4C /* GrowingCDPCoreKit.framework in Frameworks */ = {isa = PBXBuildFile; fileRef = 04AC43EE25B0471D00698C4C /* GrowingCDPCoreKit.framework */; };
		04AD49C325F3346D00B93DB0 /* NotificationService.m in Sources */ = {isa = PBXBuildFile; fileRef = 04AD49C225F3346D00B93DB0 /* NotificationService.m */; };
		04ADB66A25F721BA00366065 /* GrowingPushKit.framework in Frameworks */ = {isa = PBXBuildFile; fileRef = 04ADB66525F721BA00366065 /* GrowingPushKit.framework */; };
		04ADB66B25F721BA00366065 /* GrowingTouchKit.framework in Frameworks */ = {isa = PBXBuildFile; fileRef = 04ADB66625F721BA00366065 /* GrowingTouchKit.framework */; };
		04ADB66C25F721BA00366065 /* GrowingTouchCoreKit.framework in Frameworks */ = {isa = PBXBuildFile; fileRef = 04ADB66725F721BA00366065 /* GrowingTouchCoreKit.framework */; };
		04ADB66D25F721BA00366065 /* GrowingTouchBannerKit.framework in Frameworks */ = {isa = PBXBuildFile; fileRef = 04ADB66825F721BA00366065 /* GrowingTouchBannerKit.framework */; };
		04ADB66E25F721BA00366065 /* GrowingMonitorKit.framework in Frameworks */ = {isa = PBXBuildFile; fileRef = 04ADB66925F721BA00366065 /* GrowingMonitorKit.framework */; };
		04ADB71525F72BE800366065 /* 2to3-Push.appex in Embed App Extensions */ = {isa = PBXBuildFile; fileRef = 04AD49BF25F3346D00B93DB0 /* 2to3-Push.appex */; settings = {ATTRIBUTES = (RemoveHeadersOnCopy, ); }; };
		04ADB73525F731BA00366065 /* GrowingCDPPushExtensionKit.framework in Frameworks */ = {isa = PBXBuildFile; fileRef = 04ADB73425F731BA00366065 /* GrowingCDPPushExtensionKit.framework */; };
		A836E2B544A0336A6CF73C6A /* libPods-autotracker-upgrade-2to3-cdp.a in Frameworks */ = {isa = PBXBuildFile; fileRef = B5095D105E20EEA4C4002861 /* libPods-autotracker-upgrade-2to3-cdp.a */; };
/* End PBXBuildFile section */

/* Begin PBXContainerItemProxy section */
		04ADB71625F72BE800366065 /* PBXContainerItemProxy */ = {
			isa = PBXContainerItemProxy;
			containerPortal = 047DBEFD2582176F00B9F7A1 /* Project object */;
			proxyType = 1;
			remoteGlobalIDString = 04AD49BE25F3346D00B93DB0;
			remoteInfo = "2to3-Push";
		};
/* End PBXContainerItemProxy section */

/* Begin PBXCopyFilesBuildPhase section */
		04AD4BB225F5EC6A00B93DB0 /* Embed Frameworks */ = {
			isa = PBXCopyFilesBuildPhase;
			buildActionMask = 2147483647;
			dstPath = "";
			dstSubfolderSpec = 10;
			files = (
			);
			name = "Embed Frameworks";
			runOnlyForDeploymentPostprocessing = 0;
		};
		04ADB71825F72BE800366065 /* Embed App Extensions */ = {
			isa = PBXCopyFilesBuildPhase;
			buildActionMask = 2147483647;
			dstPath = "";
			dstSubfolderSpec = 13;
			files = (
				04ADB71525F72BE800366065 /* 2to3-Push.appex in Embed App Extensions */,
			);
			name = "Embed App Extensions";
			runOnlyForDeploymentPostprocessing = 0;
		};
/* End PBXCopyFilesBuildPhase section */

/* Begin PBXFileReference section */
		00D4D63D1068F3FEF5F89C01 /* Pods-tracker-upgrade-2to3-cdp.debug.xcconfig */ = {isa = PBXFileReference; includeInIndex = 1; lastKnownFileType = text.xcconfig; name = "Pods-tracker-upgrade-2to3-cdp.debug.xcconfig"; path = "Target Support Files/Pods-tracker-upgrade-2to3-cdp/Pods-tracker-upgrade-2to3-cdp.debug.xcconfig"; sourceTree = "<group>"; };
		047DBFC52583257B00B9F7A1 /* autotracker-upgrade-2to3-cdp.app */ = {isa = PBXFileReference; explicitFileType = wrapper.application; includeInIndex = 0; path = "autotracker-upgrade-2to3-cdp.app"; sourceTree = BUILT_PRODUCTS_DIR; };
		047DBFC72583257B00B9F7A1 /* AppDelegate.h */ = {isa = PBXFileReference; lastKnownFileType = sourcecode.c.h; path = AppDelegate.h; sourceTree = "<group>"; };
		047DBFC82583257B00B9F7A1 /* AppDelegate.m */ = {isa = PBXFileReference; lastKnownFileType = sourcecode.c.objc; path = AppDelegate.m; sourceTree = "<group>"; };
		047DBFCA2583257B00B9F7A1 /* SceneDelegate.h */ = {isa = PBXFileReference; lastKnownFileType = sourcecode.c.h; path = SceneDelegate.h; sourceTree = "<group>"; };
		047DBFCB2583257B00B9F7A1 /* SceneDelegate.m */ = {isa = PBXFileReference; lastKnownFileType = sourcecode.c.objc; path = SceneDelegate.m; sourceTree = "<group>"; };
		047DBFCD2583257B00B9F7A1 /* ViewController.h */ = {isa = PBXFileReference; lastKnownFileType = sourcecode.c.h; path = ViewController.h; sourceTree = "<group>"; };
		047DBFCE2583257B00B9F7A1 /* ViewController.m */ = {isa = PBXFileReference; lastKnownFileType = sourcecode.c.objc; path = ViewController.m; sourceTree = "<group>"; };
		047DBFD12583257B00B9F7A1 /* Base */ = {isa = PBXFileReference; lastKnownFileType = file.storyboard; name = Base; path = Base.lproj/Main.storyboard; sourceTree = "<group>"; };
		047DBFD32583257C00B9F7A1 /* Assets.xcassets */ = {isa = PBXFileReference; lastKnownFileType = folder.assetcatalog; path = Assets.xcassets; sourceTree = "<group>"; };
		047DBFD62583257C00B9F7A1 /* Base */ = {isa = PBXFileReference; lastKnownFileType = file.storyboard; name = Base; path = Base.lproj/LaunchScreen.storyboard; sourceTree = "<group>"; };
		047DBFD82583257C00B9F7A1 /* Info.plist */ = {isa = PBXFileReference; lastKnownFileType = text.plist.xml; path = Info.plist; sourceTree = "<group>"; };
		047DBFD92583257C00B9F7A1 /* main.m */ = {isa = PBXFileReference; lastKnownFileType = sourcecode.c.objc; path = main.m; sourceTree = "<group>"; };
		047DC0F925874CFE00B9F7A1 /* TrackViewController.m */ = {isa = PBXFileReference; fileEncoding = 4; lastKnownFileType = sourcecode.c.objc; path = TrackViewController.m; sourceTree = "<group>"; };
		047DC0FA25874CFE00B9F7A1 /* GIOWKWebViewViewController.h */ = {isa = PBXFileReference; fileEncoding = 4; lastKnownFileType = sourcecode.c.h; path = GIOWKWebViewViewController.h; sourceTree = "<group>"; };
		047DC0FB25874CFE00B9F7A1 /* GIOWKWebViewViewController.m */ = {isa = PBXFileReference; fileEncoding = 4; lastKnownFileType = sourcecode.c.objc; path = GIOWKWebViewViewController.m; sourceTree = "<group>"; };
		047DC0FC25874CFE00B9F7A1 /* TrackViewController.h */ = {isa = PBXFileReference; fileEncoding = 4; lastKnownFileType = sourcecode.c.h; path = TrackViewController.h; sourceTree = "<group>"; };
		04AC43EE25B0471D00698C4C /* GrowingCDPCoreKit.framework */ = {isa = PBXFileReference; explicitFileType = wrapper.framework; path = GrowingCDPCoreKit.framework; sourceTree = BUILT_PRODUCTS_DIR; };
		04AD48B425F0DA2F00B93DB0 /* GrowingTouchCoreKit.framework */ = {isa = PBXFileReference; explicitFileType = wrapper.framework; path = GrowingTouchCoreKit.framework; sourceTree = BUILT_PRODUCTS_DIR; };
		04AD49BF25F3346D00B93DB0 /* 2to3-Push.appex */ = {isa = PBXFileReference; explicitFileType = "wrapper.app-extension"; includeInIndex = 0; path = "2to3-Push.appex"; sourceTree = BUILT_PRODUCTS_DIR; };
		04AD49C125F3346D00B93DB0 /* NotificationService.h */ = {isa = PBXFileReference; lastKnownFileType = sourcecode.c.h; path = NotificationService.h; sourceTree = "<group>"; };
		04AD49C225F3346D00B93DB0 /* NotificationService.m */ = {isa = PBXFileReference; lastKnownFileType = sourcecode.c.objc; path = NotificationService.m; sourceTree = "<group>"; };
		04AD49C425F3346D00B93DB0 /* Info.plist */ = {isa = PBXFileReference; lastKnownFileType = text.plist.xml; path = Info.plist; sourceTree = "<group>"; };
		04AD49D525F33A4200B93DB0 /* UIKit.framework */ = {isa = PBXFileReference; lastKnownFileType = wrapper.framework; name = UIKit.framework; path = System/Library/Frameworks/UIKit.framework; sourceTree = SDKROOT; };
		04AD4BB325F5F23E00B93DB0 /* 2to3-Push.entitlements */ = {isa = PBXFileReference; lastKnownFileType = text.plist.entitlements; path = "2to3-Push.entitlements"; sourceTree = "<group>"; };
		04AD4BC025F61B7300B93DB0 /* GrowingTouchCoreKit.framework */ = {isa = PBXFileReference; explicitFileType = wrapper.framework; path = GrowingTouchCoreKit.framework; sourceTree = BUILT_PRODUCTS_DIR; };
		04ADB66525F721BA00366065 /* GrowingPushKit.framework */ = {isa = PBXFileReference; lastKnownFileType = wrapper.framework; path = GrowingPushKit.framework; sourceTree = "<group>"; };
		04ADB66625F721BA00366065 /* GrowingTouchKit.framework */ = {isa = PBXFileReference; lastKnownFileType = wrapper.framework; path = GrowingTouchKit.framework; sourceTree = "<group>"; };
		04ADB66725F721BA00366065 /* GrowingTouchCoreKit.framework */ = {isa = PBXFileReference; lastKnownFileType = wrapper.framework; path = GrowingTouchCoreKit.framework; sourceTree = "<group>"; };
		04ADB66825F721BA00366065 /* GrowingTouchBannerKit.framework */ = {isa = PBXFileReference; lastKnownFileType = wrapper.framework; path = GrowingTouchBannerKit.framework; sourceTree = "<group>"; };
		04ADB66925F721BA00366065 /* GrowingMonitorKit.framework */ = {isa = PBXFileReference; lastKnownFileType = wrapper.framework; path = GrowingMonitorKit.framework; sourceTree = "<group>"; };
		04ADB67325F7226800366065 /* autotracker-upgrade-2to3-cdp.entitlements */ = {isa = PBXFileReference; lastKnownFileType = text.plist.entitlements; path = "autotracker-upgrade-2to3-cdp.entitlements"; sourceTree = "<group>"; };
		04ADB73425F731BA00366065 /* GrowingCDPPushExtensionKit.framework */ = {isa = PBXFileReference; lastKnownFileType = wrapper.framework; path = GrowingCDPPushExtensionKit.framework; sourceTree = "<group>"; };
		07C01C8FEC7F67451C9BF2C7 /* Pods-autotracker-upgrade-2to3.release.xcconfig */ = {isa = PBXFileReference; includeInIndex = 1; lastKnownFileType = text.xcconfig; name = "Pods-autotracker-upgrade-2to3.release.xcconfig"; path = "Target Support Files/Pods-autotracker-upgrade-2to3/Pods-autotracker-upgrade-2to3.release.xcconfig"; sourceTree = "<group>"; };
		316287482C120DEE501D5223 /* Pods-autotracker-upgrade-2to3-cdp.debug.xcconfig */ = {isa = PBXFileReference; includeInIndex = 1; lastKnownFileType = text.xcconfig; name = "Pods-autotracker-upgrade-2to3-cdp.debug.xcconfig"; path = "Target Support Files/Pods-autotracker-upgrade-2to3-cdp/Pods-autotracker-upgrade-2to3-cdp.debug.xcconfig"; sourceTree = "<group>"; };
		6AB0F111DB304C10AE259384 /* Pods-autotracker-upgrade-2to3.debug.xcconfig */ = {isa = PBXFileReference; includeInIndex = 1; lastKnownFileType = text.xcconfig; name = "Pods-autotracker-upgrade-2to3.debug.xcconfig"; path = "Target Support Files/Pods-autotracker-upgrade-2to3/Pods-autotracker-upgrade-2to3.debug.xcconfig"; sourceTree = "<group>"; };
		93E68B9F68FE97224870ECE7 /* Pods-tracker-upgrade-2to3-cdp.release.xcconfig */ = {isa = PBXFileReference; includeInIndex = 1; lastKnownFileType = text.xcconfig; name = "Pods-tracker-upgrade-2to3-cdp.release.xcconfig"; path = "Target Support Files/Pods-tracker-upgrade-2to3-cdp/Pods-tracker-upgrade-2to3-cdp.release.xcconfig"; sourceTree = "<group>"; };
		B5095D105E20EEA4C4002861 /* libPods-autotracker-upgrade-2to3-cdp.a */ = {isa = PBXFileReference; explicitFileType = archive.ar; includeInIndex = 0; path = "libPods-autotracker-upgrade-2to3-cdp.a"; sourceTree = BUILT_PRODUCTS_DIR; };
		BB2403BB0CDA2490CB411537 /* Pods-autotracker-upgrade-2to3-cdp.release.xcconfig */ = {isa = PBXFileReference; includeInIndex = 1; lastKnownFileType = text.xcconfig; name = "Pods-autotracker-upgrade-2to3-cdp.release.xcconfig"; path = "Target Support Files/Pods-autotracker-upgrade-2to3-cdp/Pods-autotracker-upgrade-2to3-cdp.release.xcconfig"; sourceTree = "<group>"; };
		BF6D8E1C8267A120607BADAB /* Pods_tracker_upgrade_2to3_cdp.framework */ = {isa = PBXFileReference; explicitFileType = wrapper.framework; includeInIndex = 0; path = Pods_tracker_upgrade_2to3_cdp.framework; sourceTree = BUILT_PRODUCTS_DIR; };
		C1A5EA85CDEDF13327192A7A /* libPods-autotracker-upgrade-2to3.a */ = {isa = PBXFileReference; explicitFileType = archive.ar; includeInIndex = 0; path = "libPods-autotracker-upgrade-2to3.a"; sourceTree = BUILT_PRODUCTS_DIR; };
/* End PBXFileReference section */

/* Begin PBXFrameworksBuildPhase section */
		047DBFC22583257B00B9F7A1 /* Frameworks */ = {
			isa = PBXFrameworksBuildPhase;
			buildActionMask = 2147483647;
			files = (
				04AC43EF25B0471D00698C4C /* GrowingCDPCoreKit.framework in Frameworks */,
				04ADB66D25F721BA00366065 /* GrowingTouchBannerKit.framework in Frameworks */,
				04ADB66B25F721BA00366065 /* GrowingTouchKit.framework in Frameworks */,
				04ADB66C25F721BA00366065 /* GrowingTouchCoreKit.framework in Frameworks */,
				04ADB66E25F721BA00366065 /* GrowingMonitorKit.framework in Frameworks */,
				04ADB66A25F721BA00366065 /* GrowingPushKit.framework in Frameworks */,
				A836E2B544A0336A6CF73C6A /* libPods-autotracker-upgrade-2to3-cdp.a in Frameworks */,
			);
			runOnlyForDeploymentPostprocessing = 0;
		};
		04AD49BC25F3346D00B93DB0 /* Frameworks */ = {
			isa = PBXFrameworksBuildPhase;
			buildActionMask = 2147483647;
			files = (
				04ADB73525F731BA00366065 /* GrowingCDPPushExtensionKit.framework in Frameworks */,
			);
			runOnlyForDeploymentPostprocessing = 0;
		};
/* End PBXFrameworksBuildPhase section */

/* Begin PBXGroup section */
		047DBEFC2582176F00B9F7A1 = {
			isa = PBXGroup;
			children = (
				047DBFC62583257B00B9F7A1 /* autotracker-upgrade-2to3-cdp */,
				04AD49C025F3346D00B93DB0 /* 2to3-Push */,
				047DBF062582176F00B9F7A1 /* Products */,
				6717AE1C0AA179CD6557B999 /* Pods */,
				DA2E443340E4C97DBDD496FD /* Frameworks */,
			);
			sourceTree = "<group>";
		};
		047DBF062582176F00B9F7A1 /* Products */ = {
			isa = PBXGroup;
			children = (
				047DBFC52583257B00B9F7A1 /* autotracker-upgrade-2to3-cdp.app */,
				04AD49BF25F3346D00B93DB0 /* 2to3-Push.appex */,
			);
			name = Products;
			sourceTree = "<group>";
		};
		047DBFC62583257B00B9F7A1 /* autotracker-upgrade-2to3-cdp */ = {
			isa = PBXGroup;
			children = (
				04ADB67325F7226800366065 /* autotracker-upgrade-2to3-cdp.entitlements */,
				04ADB66425F721BA00366065 /* CDPTouch1.4.4 */,
				047DC0F825874CFE00B9F7A1 /* CdpTrack */,
				047DBFC72583257B00B9F7A1 /* AppDelegate.h */,
				047DBFC82583257B00B9F7A1 /* AppDelegate.m */,
				047DBFCA2583257B00B9F7A1 /* SceneDelegate.h */,
				047DBFCB2583257B00B9F7A1 /* SceneDelegate.m */,
				047DBFCD2583257B00B9F7A1 /* ViewController.h */,
				047DBFCE2583257B00B9F7A1 /* ViewController.m */,
				047DBFD02583257B00B9F7A1 /* Main.storyboard */,
				047DBFD32583257C00B9F7A1 /* Assets.xcassets */,
				047DBFD52583257C00B9F7A1 /* LaunchScreen.storyboard */,
				047DBFD82583257C00B9F7A1 /* Info.plist */,
				047DBFD92583257C00B9F7A1 /* main.m */,
			);
			path = "autotracker-upgrade-2to3-cdp";
			sourceTree = "<group>";
		};
		047DC0F825874CFE00B9F7A1 /* CdpTrack */ = {
			isa = PBXGroup;
			children = (
				047DC0FA25874CFE00B9F7A1 /* GIOWKWebViewViewController.h */,
				047DC0FB25874CFE00B9F7A1 /* GIOWKWebViewViewController.m */,
				047DC0FC25874CFE00B9F7A1 /* TrackViewController.h */,
				047DC0F925874CFE00B9F7A1 /* TrackViewController.m */,
			);
			path = CdpTrack;
			sourceTree = "<group>";
		};
		04AD49C025F3346D00B93DB0 /* 2to3-Push */ = {
			isa = PBXGroup;
			children = (
				04ADB73425F731BA00366065 /* GrowingCDPPushExtensionKit.framework */,
				04AD4BB325F5F23E00B93DB0 /* 2to3-Push.entitlements */,
				04AD49C125F3346D00B93DB0 /* NotificationService.h */,
				04AD49C225F3346D00B93DB0 /* NotificationService.m */,
				04AD49C425F3346D00B93DB0 /* Info.plist */,
			);
			path = "2to3-Push";
			sourceTree = "<group>";
		};
		04ADB66425F721BA00366065 /* CDPTouch1.4.4 */ = {
			isa = PBXGroup;
			children = (
				04ADB66525F721BA00366065 /* GrowingPushKit.framework */,
				04ADB66625F721BA00366065 /* GrowingTouchKit.framework */,
				04ADB66725F721BA00366065 /* GrowingTouchCoreKit.framework */,
				04ADB66825F721BA00366065 /* GrowingTouchBannerKit.framework */,
				04ADB66925F721BA00366065 /* GrowingMonitorKit.framework */,
			);
			path = CDPTouch1.4.4;
			sourceTree = "<group>";
		};
		6717AE1C0AA179CD6557B999 /* Pods */ = {
			isa = PBXGroup;
			children = (
				00D4D63D1068F3FEF5F89C01 /* Pods-tracker-upgrade-2to3-cdp.debug.xcconfig */,
				93E68B9F68FE97224870ECE7 /* Pods-tracker-upgrade-2to3-cdp.release.xcconfig */,
				316287482C120DEE501D5223 /* Pods-autotracker-upgrade-2to3-cdp.debug.xcconfig */,
				BB2403BB0CDA2490CB411537 /* Pods-autotracker-upgrade-2to3-cdp.release.xcconfig */,
				6AB0F111DB304C10AE259384 /* Pods-autotracker-upgrade-2to3.debug.xcconfig */,
				07C01C8FEC7F67451C9BF2C7 /* Pods-autotracker-upgrade-2to3.release.xcconfig */,
			);
			name = Pods;
			path = ../Pods;
			sourceTree = "<group>";
		};
		DA2E443340E4C97DBDD496FD /* Frameworks */ = {
			isa = PBXGroup;
			children = (
				04AD4BC025F61B7300B93DB0 /* GrowingTouchCoreKit.framework */,
				04AD49D525F33A4200B93DB0 /* UIKit.framework */,
				04AD48B425F0DA2F00B93DB0 /* GrowingTouchCoreKit.framework */,
				04AC43EE25B0471D00698C4C /* GrowingCDPCoreKit.framework */,
				BF6D8E1C8267A120607BADAB /* Pods_tracker_upgrade_2to3_cdp.framework */,
				C1A5EA85CDEDF13327192A7A /* libPods-autotracker-upgrade-2to3.a */,
				B5095D105E20EEA4C4002861 /* libPods-autotracker-upgrade-2to3-cdp.a */,
			);
			name = Frameworks;
			sourceTree = "<group>";
		};
/* End PBXGroup section */

/* Begin PBXNativeTarget section */
		047DBFC42583257B00B9F7A1 /* autotracker-upgrade-2to3-cdp */ = {
			isa = PBXNativeTarget;
			buildConfigurationList = 047DBFDD2583257C00B9F7A1 /* Build configuration list for PBXNativeTarget "autotracker-upgrade-2to3-cdp" */;
			buildPhases = (
				67DECB9E4449BE28FEC6E2D7 /* [CP] Check Pods Manifest.lock */,
				047DBFC12583257B00B9F7A1 /* Sources */,
				047DBFC22583257B00B9F7A1 /* Frameworks */,
				047DBFC32583257B00B9F7A1 /* Resources */,
				D0FCFE01BAD5CB27FED449CC /* [CP] Copy Pods Resources */,
				04ADB71825F72BE800366065 /* Embed App Extensions */,
			);
			buildRules = (
			);
			dependencies = (
				04ADB71725F72BE800366065 /* PBXTargetDependency */,
			);
			name = "autotracker-upgrade-2to3-cdp";
			productName = "autotracker-upgrade-2to3-cdp";
			productReference = 047DBFC52583257B00B9F7A1 /* autotracker-upgrade-2to3-cdp.app */;
			productType = "com.apple.product-type.application";
		};
		04AD49BE25F3346D00B93DB0 /* 2to3-Push */ = {
			isa = PBXNativeTarget;
			buildConfigurationList = 04AD49CB25F3346D00B93DB0 /* Build configuration list for PBXNativeTarget "2to3-Push" */;
			buildPhases = (
				04AD49BB25F3346D00B93DB0 /* Sources */,
				04AD49BC25F3346D00B93DB0 /* Frameworks */,
				04AD49BD25F3346D00B93DB0 /* Resources */,
				04AD4BB225F5EC6A00B93DB0 /* Embed Frameworks */,
			);
			buildRules = (
			);
			dependencies = (
			);
			name = "2to3-Push";
			productName = "2to3-Push";
			productReference = 04AD49BF25F3346D00B93DB0 /* 2to3-Push.appex */;
			productType = "com.apple.product-type.app-extension";
		};
/* End PBXNativeTarget section */

/* Begin PBXProject section */
		047DBEFD2582176F00B9F7A1 /* Project object */ = {
			isa = PBXProject;
			attributes = {
				DefaultBuildSystemTypeForWorkspace = Original;
				LastUpgradeCheck = 1200;
				TargetAttributes = {
					042F064A258B77F300DFA3EB = {
						CreatedOnToolsVersion = 12.0;
					};
					042F0659258B781E00DFA3EB = {
						CreatedOnToolsVersion = 12.0;
					};
					047DBFC42583257B00B9F7A1 = {
						CreatedOnToolsVersion = 12.0;
					};
					04AD49BE25F3346D00B93DB0 = {
						CreatedOnToolsVersion = 12.3;
					};
				};
			};
			buildConfigurationList = 047DBF002582176F00B9F7A1 /* Build configuration list for PBXProject "Example" */;
			compatibilityVersion = "Xcode 9.3";
			developmentRegion = en;
			hasScannedForEncodings = 0;
			knownRegions = (
				en,
				Base,
			);
			mainGroup = 047DBEFC2582176F00B9F7A1;
			productRefGroup = 047DBF062582176F00B9F7A1 /* Products */;
			projectDirPath = "";
			projectRoot = "";
			targets = (
				047DBFC42583257B00B9F7A1 /* autotracker-upgrade-2to3-cdp */,
				042F064A258B77F300DFA3EB /* CodeCheck */,
				042F0659258B781E00DFA3EB /* CodeFormat */,
				04AD49BE25F3346D00B93DB0 /* 2to3-Push */,
			);
		};
/* End PBXProject section */

/* Begin PBXResourcesBuildPhase section */
		047DBFC32583257B00B9F7A1 /* Resources */ = {
			isa = PBXResourcesBuildPhase;
			buildActionMask = 2147483647;
			files = (
				047DBFD72583257C00B9F7A1 /* LaunchScreen.storyboard in Resources */,
				047DBFD42583257C00B9F7A1 /* Assets.xcassets in Resources */,
				047DBFD22583257B00B9F7A1 /* Main.storyboard in Resources */,
			);
			runOnlyForDeploymentPostprocessing = 0;
		};
		04AD49BD25F3346D00B93DB0 /* Resources */ = {
			isa = PBXResourcesBuildPhase;
			buildActionMask = 2147483647;
			files = (
			);
			runOnlyForDeploymentPostprocessing = 0;
		};
/* End PBXResourcesBuildPhase section */

/* Begin PBXShellScriptBuildPhase section */
		042F0650258B780300DFA3EB /* ShellScript */ = {
			isa = PBXShellScriptBuildPhase;
			buildActionMask = 2147483647;
			files = (
			);
			inputFileListPaths = (
			);
			inputPaths = (
			);
			outputFileListPaths = (
			);
			outputPaths = (
			);
			runOnlyForDeploymentPostprocessing = 0;
			shellPath = /bin/sh;
			shellScript = "##### 提交CI前自行检测代码 #####\n# 1.请提前使用Codeformat进行代码格式化\n# 2.执行此脚本前请先确保工程编译通过\n\ncd ${SRCROOT}/../Scripts\nsh code-checker.sh\n";
		};
		67DECB9E4449BE28FEC6E2D7 /* [CP] Check Pods Manifest.lock */ = {
			isa = PBXShellScriptBuildPhase;
			buildActionMask = 2147483647;
			files = (
			);
			inputFileListPaths = (
			);
			inputPaths = (
				"${PODS_PODFILE_DIR_PATH}/Podfile.lock",
				"${PODS_ROOT}/Manifest.lock",
			);
			name = "[CP] Check Pods Manifest.lock";
			outputFileListPaths = (
			);
			outputPaths = (
				"$(DERIVED_FILE_DIR)/Pods-autotracker-upgrade-2to3-cdp-checkManifestLockResult.txt",
			);
			runOnlyForDeploymentPostprocessing = 0;
			shellPath = /bin/sh;
			shellScript = "diff \"${PODS_PODFILE_DIR_PATH}/Podfile.lock\" \"${PODS_ROOT}/Manifest.lock\" > /dev/null\nif [ $? != 0 ] ; then\n    # print error to STDERR\n    echo \"error: The sandbox is not in sync with the Podfile.lock. Run 'pod install' or update your CocoaPods installation.\" >&2\n    exit 1\nfi\n# This output is used by Xcode 'outputs' to avoid re-running this script phase.\necho \"SUCCESS\" > \"${SCRIPT_OUTPUT_FILE_0}\"\n";
			showEnvVarsInLog = 0;
		};
		D0FCFE01BAD5CB27FED449CC /* [CP] Copy Pods Resources */ = {
			isa = PBXShellScriptBuildPhase;
			buildActionMask = 2147483647;
			files = (
			);
			inputFileListPaths = (
				"${PODS_ROOT}/Target Support Files/Pods-autotracker-upgrade-2to3-cdp/Pods-autotracker-upgrade-2to3-cdp-resources-${CONFIGURATION}-input-files.xcfilelist",
			);
			name = "[CP] Copy Pods Resources";
			outputFileListPaths = (
				"${PODS_ROOT}/Target Support Files/Pods-autotracker-upgrade-2to3-cdp/Pods-autotracker-upgrade-2to3-cdp-resources-${CONFIGURATION}-output-files.xcfilelist",
			);
			runOnlyForDeploymentPostprocessing = 0;
			shellPath = /bin/sh;
			shellScript = "\"${PODS_ROOT}/Target Support Files/Pods-autotracker-upgrade-2to3-cdp/Pods-autotracker-upgrade-2to3-cdp-resources.sh\"\n";
			showEnvVarsInLog = 0;
		};
/* End PBXShellScriptBuildPhase section */

/* Begin PBXSourcesBuildPhase section */
		047DBFC12583257B00B9F7A1 /* Sources */ = {
			isa = PBXSourcesBuildPhase;
			buildActionMask = 2147483647;
			files = (
				047DC0FD25874CFE00B9F7A1 /* TrackViewController.m in Sources */,
				047DBFCF2583257B00B9F7A1 /* ViewController.m in Sources */,
				047DBFC92583257B00B9F7A1 /* AppDelegate.m in Sources */,
				047DBFDA2583257C00B9F7A1 /* main.m in Sources */,
				047DC0FE25874CFE00B9F7A1 /* GIOWKWebViewViewController.m in Sources */,
				047DBFCC2583257B00B9F7A1 /* SceneDelegate.m in Sources */,
			);
			runOnlyForDeploymentPostprocessing = 0;
		};
		04AD49BB25F3346D00B93DB0 /* Sources */ = {
			isa = PBXSourcesBuildPhase;
			buildActionMask = 2147483647;
			files = (
				04AD49C325F3346D00B93DB0 /* NotificationService.m in Sources */,
			);
			runOnlyForDeploymentPostprocessing = 0;
		};
/* End PBXSourcesBuildPhase section */

/* Begin PBXTargetDependency section */
		04ADB71725F72BE800366065 /* PBXTargetDependency */ = {
			isa = PBXTargetDependency;
			target = 04AD49BE25F3346D00B93DB0 /* 2to3-Push */;
			targetProxy = 04ADB71625F72BE800366065 /* PBXContainerItemProxy */;
		};
/* End PBXTargetDependency section */

/* Begin PBXVariantGroup section */
		047DBFD02583257B00B9F7A1 /* Main.storyboard */ = {
			isa = PBXVariantGroup;
			children = (
				047DBFD12583257B00B9F7A1 /* Base */,
			);
			name = Main.storyboard;
			sourceTree = "<group>";
		};
		047DBFD52583257C00B9F7A1 /* LaunchScreen.storyboard */ = {
			isa = PBXVariantGroup;
			children = (
				047DBFD62583257C00B9F7A1 /* Base */,
			);
			name = LaunchScreen.storyboard;
			sourceTree = "<group>";
		};
/* End PBXVariantGroup section */

/* Begin XCBuildConfiguration section */
		042F064B258B77F300DFA3EB /* Debug */ = {
			isa = XCBuildConfiguration;
			buildSettings = {
				CODE_SIGN_STYLE = Automatic;
				PRODUCT_NAME = "$(TARGET_NAME)";
			};
			name = Debug;
		};
		042F064C258B77F300DFA3EB /* Release */ = {
			isa = XCBuildConfiguration;
			buildSettings = {
				CODE_SIGN_STYLE = Automatic;
				PRODUCT_NAME = "$(TARGET_NAME)";
			};
			name = Release;
		};
		042F065B258B781E00DFA3EB /* Debug */ = {
			isa = XCBuildConfiguration;
			buildSettings = {
				CODE_SIGN_STYLE = Automatic;
				PRODUCT_NAME = "$(TARGET_NAME)";
			};
			name = Debug;
		};
		042F065C258B781E00DFA3EB /* Release */ = {
			isa = XCBuildConfiguration;
			buildSettings = {
				CODE_SIGN_STYLE = Automatic;
				PRODUCT_NAME = "$(TARGET_NAME)";
			};
			name = Release;
		};
		047DBF1C2582177200B9F7A1 /* Debug */ = {
			isa = XCBuildConfiguration;
			buildSettings = {
				ALWAYS_SEARCH_USER_PATHS = NO;
				CLANG_ANALYZER_NONNULL = YES;
				CLANG_ANALYZER_NUMBER_OBJECT_CONVERSION = YES_AGGRESSIVE;
				CLANG_CXX_LANGUAGE_STANDARD = "gnu++14";
				CLANG_CXX_LIBRARY = "libc++";
				CLANG_ENABLE_MODULES = YES;
				CLANG_ENABLE_OBJC_ARC = YES;
				CLANG_ENABLE_OBJC_WEAK = YES;
				CLANG_WARN_BLOCK_CAPTURE_AUTORELEASING = YES;
				CLANG_WARN_BOOL_CONVERSION = YES;
				CLANG_WARN_COMMA = YES;
				CLANG_WARN_CONSTANT_CONVERSION = YES;
				CLANG_WARN_DEPRECATED_OBJC_IMPLEMENTATIONS = YES;
				CLANG_WARN_DIRECT_OBJC_ISA_USAGE = YES_ERROR;
				CLANG_WARN_DOCUMENTATION_COMMENTS = YES;
				CLANG_WARN_EMPTY_BODY = YES;
				CLANG_WARN_ENUM_CONVERSION = YES;
				CLANG_WARN_INFINITE_RECURSION = YES;
				CLANG_WARN_INT_CONVERSION = YES;
				CLANG_WARN_NON_LITERAL_NULL_CONVERSION = YES;
				CLANG_WARN_OBJC_IMPLICIT_RETAIN_SELF = YES;
				CLANG_WARN_OBJC_LITERAL_CONVERSION = YES;
				CLANG_WARN_OBJC_ROOT_CLASS = YES_ERROR;
				CLANG_WARN_QUOTED_INCLUDE_IN_FRAMEWORK_HEADER = YES;
				CLANG_WARN_RANGE_LOOP_ANALYSIS = YES;
				CLANG_WARN_STRICT_PROTOTYPES = YES;
				CLANG_WARN_SUSPICIOUS_MOVE = YES;
				CLANG_WARN_UNGUARDED_AVAILABILITY = YES_AGGRESSIVE;
				CLANG_WARN_UNREACHABLE_CODE = YES;
				CLANG_WARN__DUPLICATE_METHOD_MATCH = YES;
				COPY_PHASE_STRIP = NO;
				DEBUG_INFORMATION_FORMAT = dwarf;
				ENABLE_STRICT_OBJC_MSGSEND = YES;
				ENABLE_TESTABILITY = YES;
				GCC_C_LANGUAGE_STANDARD = gnu11;
				GCC_DYNAMIC_NO_PIC = NO;
				GCC_NO_COMMON_BLOCKS = YES;
				GCC_OPTIMIZATION_LEVEL = 0;
				GCC_PREPROCESSOR_DEFINITIONS = (
					"DEBUG=1",
					"$(inherited)",
				);
				GCC_WARN_64_TO_32_BIT_CONVERSION = YES;
				GCC_WARN_ABOUT_RETURN_TYPE = YES_ERROR;
				GCC_WARN_UNDECLARED_SELECTOR = YES;
				GCC_WARN_UNINITIALIZED_AUTOS = YES_AGGRESSIVE;
				GCC_WARN_UNUSED_FUNCTION = YES;
				GCC_WARN_UNUSED_VARIABLE = YES;
				IPHONEOS_DEPLOYMENT_TARGET = 14.0;
				MTL_ENABLE_DEBUG_INFO = INCLUDE_SOURCE;
				MTL_FAST_MATH = YES;
				ONLY_ACTIVE_ARCH = YES;
				SDKROOT = iphoneos;
			};
			name = Debug;
		};
		047DBF1D2582177200B9F7A1 /* Release */ = {
			isa = XCBuildConfiguration;
			buildSettings = {
				ALWAYS_SEARCH_USER_PATHS = NO;
				CLANG_ANALYZER_NONNULL = YES;
				CLANG_ANALYZER_NUMBER_OBJECT_CONVERSION = YES_AGGRESSIVE;
				CLANG_CXX_LANGUAGE_STANDARD = "gnu++14";
				CLANG_CXX_LIBRARY = "libc++";
				CLANG_ENABLE_MODULES = YES;
				CLANG_ENABLE_OBJC_ARC = YES;
				CLANG_ENABLE_OBJC_WEAK = YES;
				CLANG_WARN_BLOCK_CAPTURE_AUTORELEASING = YES;
				CLANG_WARN_BOOL_CONVERSION = YES;
				CLANG_WARN_COMMA = YES;
				CLANG_WARN_CONSTANT_CONVERSION = YES;
				CLANG_WARN_DEPRECATED_OBJC_IMPLEMENTATIONS = YES;
				CLANG_WARN_DIRECT_OBJC_ISA_USAGE = YES_ERROR;
				CLANG_WARN_DOCUMENTATION_COMMENTS = YES;
				CLANG_WARN_EMPTY_BODY = YES;
				CLANG_WARN_ENUM_CONVERSION = YES;
				CLANG_WARN_INFINITE_RECURSION = YES;
				CLANG_WARN_INT_CONVERSION = YES;
				CLANG_WARN_NON_LITERAL_NULL_CONVERSION = YES;
				CLANG_WARN_OBJC_IMPLICIT_RETAIN_SELF = YES;
				CLANG_WARN_OBJC_LITERAL_CONVERSION = YES;
				CLANG_WARN_OBJC_ROOT_CLASS = YES_ERROR;
				CLANG_WARN_QUOTED_INCLUDE_IN_FRAMEWORK_HEADER = YES;
				CLANG_WARN_RANGE_LOOP_ANALYSIS = YES;
				CLANG_WARN_STRICT_PROTOTYPES = YES;
				CLANG_WARN_SUSPICIOUS_MOVE = YES;
				CLANG_WARN_UNGUARDED_AVAILABILITY = YES_AGGRESSIVE;
				CLANG_WARN_UNREACHABLE_CODE = YES;
				CLANG_WARN__DUPLICATE_METHOD_MATCH = YES;
				COPY_PHASE_STRIP = NO;
				DEBUG_INFORMATION_FORMAT = "dwarf-with-dsym";
				ENABLE_NS_ASSERTIONS = NO;
				ENABLE_STRICT_OBJC_MSGSEND = YES;
				GCC_C_LANGUAGE_STANDARD = gnu11;
				GCC_NO_COMMON_BLOCKS = YES;
				GCC_WARN_64_TO_32_BIT_CONVERSION = YES;
				GCC_WARN_ABOUT_RETURN_TYPE = YES_ERROR;
				GCC_WARN_UNDECLARED_SELECTOR = YES;
				GCC_WARN_UNINITIALIZED_AUTOS = YES_AGGRESSIVE;
				GCC_WARN_UNUSED_FUNCTION = YES;
				GCC_WARN_UNUSED_VARIABLE = YES;
				IPHONEOS_DEPLOYMENT_TARGET = 14.0;
				MTL_ENABLE_DEBUG_INFO = NO;
				MTL_FAST_MATH = YES;
				SDKROOT = iphoneos;
				VALIDATE_PRODUCT = YES;
			};
			name = Release;
		};
		047DBFDB2583257C00B9F7A1 /* Debug */ = {
			isa = XCBuildConfiguration;
			baseConfigurationReference = 316287482C120DEE501D5223 /* Pods-autotracker-upgrade-2to3-cdp.debug.xcconfig */;
			buildSettings = {
				ASSETCATALOG_COMPILER_APPICON_NAME = AppIcon;
				ASSETCATALOG_COMPILER_GLOBAL_ACCENT_COLOR_NAME = AccentColor;
				CODE_SIGN_ENTITLEMENTS = "autotracker-upgrade-2to3-cdp/autotracker-upgrade-2to3-cdp.entitlements";
				CODE_SIGN_STYLE = Automatic;
				DEVELOPMENT_TEAM = SXBU677CPT;
				FRAMEWORK_SEARCH_PATHS = (
					"$(inherited)",
					"$(PROJECT_DIR)/autotracker-upgrade-2to3-cdp/CDPTouch1.4.4",
				);
				INFOPLIST_FILE = "autotracker-upgrade-2to3-cdp/Info.plist";
				IPHONEOS_DEPLOYMENT_TARGET = 9.0;
				LD_RUNPATH_SEARCH_PATHS = (
					"$(inherited)",
					"@executable_path/Frameworks",
				);
				OTHER_LDFLAGS = (
					"$(inherited)",
					"-ObjC",
				);
				PRODUCT_BUNDLE_IDENTIFIER = "com.growingio.autotracker-upgrade-2to3";
				PRODUCT_NAME = "$(TARGET_NAME)";
				TARGETED_DEVICE_FAMILY = "1,2";
			};
			name = Debug;
		};
		047DBFDC2583257C00B9F7A1 /* Release */ = {
			isa = XCBuildConfiguration;
			baseConfigurationReference = BB2403BB0CDA2490CB411537 /* Pods-autotracker-upgrade-2to3-cdp.release.xcconfig */;
			buildSettings = {
				ASSETCATALOG_COMPILER_APPICON_NAME = AppIcon;
				ASSETCATALOG_COMPILER_GLOBAL_ACCENT_COLOR_NAME = AccentColor;
				CODE_SIGN_ENTITLEMENTS = "autotracker-upgrade-2to3-cdp/autotracker-upgrade-2to3-cdp.entitlements";
				CODE_SIGN_STYLE = Automatic;
				DEVELOPMENT_TEAM = SXBU677CPT;
				FRAMEWORK_SEARCH_PATHS = (
					"$(inherited)",
					"$(PROJECT_DIR)/autotracker-upgrade-2to3-cdp/CDPTouch1.4.4",
				);
				INFOPLIST_FILE = "autotracker-upgrade-2to3-cdp/Info.plist";
				IPHONEOS_DEPLOYMENT_TARGET = 9.0;
				LD_RUNPATH_SEARCH_PATHS = (
					"$(inherited)",
					"@executable_path/Frameworks",
				);
				OTHER_LDFLAGS = (
					"$(inherited)",
					"-ObjC",
				);
				PRODUCT_BUNDLE_IDENTIFIER = "com.growingio.autotracker-upgrade-2to3";
				PRODUCT_NAME = "$(TARGET_NAME)";
				TARGETED_DEVICE_FAMILY = "1,2";
			};
			name = Release;
		};
		04AD49C925F3346D00B93DB0 /* Debug */ = {
			isa = XCBuildConfiguration;
			buildSettings = {
				CODE_SIGN_ENTITLEMENTS = "2to3-Push/2to3-Push.entitlements";
				CODE_SIGN_STYLE = Automatic;
				DEVELOPMENT_TEAM = SXBU677CPT;
				FRAMEWORK_SEARCH_PATHS = (
					"$(inherited)",
					"$(PROJECT_DIR)/autotracker-upgrade-2to3/GTouch/CDPTouch1.4.4/GrowingIO-iOS-CDPPushExtensionKit",
					"$(PROJECT_DIR)/2to3-Push",
				);
				INFOPLIST_FILE = "2to3-Push/Info.plist";
				IPHONEOS_DEPLOYMENT_TARGET = 10.0;
				LD_RUNPATH_SEARCH_PATHS = (
					"$(inherited)",
					"@executable_path/Frameworks",
					"@executable_path/../../Frameworks",
				);
				OTHER_LDFLAGS = "-ObjC";
				PRODUCT_BUNDLE_IDENTIFIER = "com.growingio.autotracker-upgrade-2to3.-to3-Push";
				PRODUCT_NAME = "$(TARGET_NAME)";
				SKIP_INSTALL = YES;
				TARGETED_DEVICE_FAMILY = "1,2";
			};
			name = Debug;
		};
		04AD49CA25F3346D00B93DB0 /* Release */ = {
			isa = XCBuildConfiguration;
			buildSettings = {
				CODE_SIGN_ENTITLEMENTS = "2to3-Push/2to3-Push.entitlements";
				CODE_SIGN_STYLE = Automatic;
				DEVELOPMENT_TEAM = SXBU677CPT;
				FRAMEWORK_SEARCH_PATHS = (
					"$(inherited)",
					"$(PROJECT_DIR)/autotracker-upgrade-2to3/GTouch/CDPTouch1.4.4/GrowingIO-iOS-CDPPushExtensionKit",
					"$(PROJECT_DIR)/2to3-Push",
				);
				INFOPLIST_FILE = "2to3-Push/Info.plist";
				IPHONEOS_DEPLOYMENT_TARGET = 10.0;
				LD_RUNPATH_SEARCH_PATHS = (
					"$(inherited)",
					"@executable_path/Frameworks",
					"@executable_path/../../Frameworks",
				);
				OTHER_LDFLAGS = "-ObjC";
				PRODUCT_BUNDLE_IDENTIFIER = "com.growingio.autotracker-upgrade-2to3.-to3-Push";
				PRODUCT_NAME = "$(TARGET_NAME)";
				SKIP_INSTALL = YES;
				TARGETED_DEVICE_FAMILY = "1,2";
			};
			name = Release;
		};
/* End XCBuildConfiguration section */

/* Begin XCConfigurationList section */
		042F064D258B77F300DFA3EB /* Build configuration list for PBXAggregateTarget "CodeCheck" */ = {
			isa = XCConfigurationList;
			buildConfigurations = (
				042F064B258B77F300DFA3EB /* Debug */,
				042F064C258B77F300DFA3EB /* Release */,
			);
			defaultConfigurationIsVisible = 0;
			defaultConfigurationName = Release;
		};
		042F065A258B781E00DFA3EB /* Build configuration list for PBXAggregateTarget "CodeFormat" */ = {
			isa = XCConfigurationList;
			buildConfigurations = (
				042F065B258B781E00DFA3EB /* Debug */,
				042F065C258B781E00DFA3EB /* Release */,
			);
			defaultConfigurationIsVisible = 0;
			defaultConfigurationName = Release;
		};
		047DBF002582176F00B9F7A1 /* Build configuration list for PBXProject "Example" */ = {
			isa = XCConfigurationList;
			buildConfigurations = (
				047DBF1C2582177200B9F7A1 /* Debug */,
				047DBF1D2582177200B9F7A1 /* Release */,
			);
			defaultConfigurationIsVisible = 0;
			defaultConfigurationName = Release;
		};
		047DBFDD2583257C00B9F7A1 /* Build configuration list for PBXNativeTarget "autotracker-upgrade-2to3-cdp" */ = {
			isa = XCConfigurationList;
			buildConfigurations = (
				047DBFDB2583257C00B9F7A1 /* Debug */,
				047DBFDC2583257C00B9F7A1 /* Release */,
			);
			defaultConfigurationIsVisible = 0;
			defaultConfigurationName = Release;
		};
		04AD49CB25F3346D00B93DB0 /* Build configuration list for PBXNativeTarget "2to3-Push" */ = {
			isa = XCConfigurationList;
			buildConfigurations = (
				04AD49C925F3346D00B93DB0 /* Debug */,
				04AD49CA25F3346D00B93DB0 /* Release */,
			);
			defaultConfigurationIsVisible = 0;
			defaultConfigurationName = Release;
		};
/* End XCConfigurationList section */
	};
	rootObject = 047DBEFD2582176F00B9F7A1 /* Project object */;
}
